PODS:
  - AppAuth (1.6.0):
    - AppAuth/Core (= 1.6.0)
    - AppAuth/ExternalUserAgent (= 1.6.0)
  - AppAuth/Core (1.6.0)
  - AppAuth/ExternalUserAgent (1.6.0):
    - AppAuth/Core
  - Capacitor (4.6.3):
    - CapacitorCordova
  - CapacitorApp (4.0.1):
    - Capacitor
  - CapacitorAppLauncher (4.0.1):
    - Capacitor
  - CapacitorBrowser (4.1.0):
    - Capacitor
  - CapacitorCamera (4.1.2):
    - Capacitor
  - CapacitorCommunityBackgroundGeolocation (0.0.1):
    - Capacitor
  - CapacitorCommunityCameraPreview (2.0.0):
    - Capacitor
  - CapacitorCommunityFacebookLogin (4.0.0):
    - Capacitor
    - FBSDKCoreKit (= 14.1.0)
    - FBSDKLoginKit (= 14.1.0)
  - CapacitorCommunityFcm (2.0.2):
    - Capacitor
    - Firebase/Messaging
  - CapacitorCommunityHttp (1.4.1):
    - Capacitor
  - CapacitorCordova (4.6.3)
  - CapacitorDevice (4.0.1):
    - Capacitor
  - CapacitorFilesystem (4.1.2):
    - Capacitor
  - CapacitorGeolocation (4.0.1):
    - Capacitor
  - CapacitorNetwork (4.0.1):
    - Capacitor
  - CapacitorPushNotifications (4.1.0):
    - Capacitor
  - CapacitorShare (4.0.1):
    - Capacitor
  - CapacitorToast (4.0.1):
    - Capacitor
  - CodetrixStudioCapacitorGoogleAuth (0.0.1):
    - Capacitor
    - GoogleSignIn (~> 6.0.1)
  - CordovaPlugins (4.3.0):
    - CapacitorCordova
  - FBAEMKit (14.1.0):
    - FBSDKCoreKit_Basics (= 14.1.0)
  - FBSDKCoreKit (14.1.0):
    - FBAEMKit (= 14.1.0)
    - FBSDKCoreKit_Basics (= 14.1.0)
  - FBSDKCoreKit_Basics (14.1.0)
  - FBSDKLoginKit (14.1.0):
    - FBSDKCoreKit (= 14.1.0)
  - Firebase/CoreOnly (10.4.0):
    - FirebaseCore (= 10.4.0)
  - Firebase/Messaging (10.4.0):
    - Firebase/CoreOnly
    - FirebaseMessaging (~> 10.4.0)
  - FirebaseCore (10.4.0):
    - FirebaseCoreInternal (~> 10.0)
    - GoogleUtilities/Environment (~> 7.8)
    - GoogleUtilities/Logger (~> 7.8)
  - FirebaseCoreInternal (10.4.0):
    - "GoogleUtilities/NSData+zlib (~> 7.8)"
  - FirebaseInstallations (10.4.0):
    - FirebaseCore (~> 10.0)
    - GoogleUtilities/Environment (~> 7.8)
    - GoogleUtilities/UserDefaults (~> 7.8)
    - PromisesObjC (~> 2.1)
  - FirebaseMessaging (10.4.0):
    - FirebaseCore (~> 10.0)
    - FirebaseInstallations (~> 10.0)
    - GoogleDataTransport (~> 9.2)
    - GoogleUtilities/AppDelegateSwizzler (~> 7.8)
    - GoogleUtilities/Environment (~> 7.8)
    - GoogleUtilities/Reachability (~> 7.8)
    - GoogleUtilities/UserDefaults (~> 7.8)
    - nanopb (< 2.30910.0, >= 2.30908.0)
  - GoogleDataTransport (9.2.1):
    - GoogleUtilities/Environment (~> 7.7)
    - nanopb (< 2.30910.0, >= 2.30908.0)
    - PromisesObjC (< 3.0, >= 1.2)
  - GoogleSignIn (6.0.2):
    - AppAuth (~> 1.4)
    - GTMAppAuth (~> 1.0)
    - GTMSessionFetcher/Core (~> 1.1)
  - GoogleUtilities/AppDelegateSwizzler (7.11.0):
    - GoogleUtilities/Environment
    - GoogleUtilities/Logger
    - GoogleUtilities/Network
  - GoogleUtilities/Environment (7.11.0):
    - PromisesObjC (< 3.0, >= 1.2)
  - GoogleUtilities/Logger (7.11.0):
    - GoogleUtilities/Environment
  - GoogleUtilities/Network (7.11.0):
    - GoogleUtilities/Logger
    - "GoogleUtilities/NSData+zlib"
    - GoogleUtilities/Reachability
  - "GoogleUtilities/NSData+zlib (7.11.0)"
  - GoogleUtilities/Reachability (7.11.0):
    - GoogleUtilities/Logger
  - GoogleUtilities/UserDefaults (7.11.0):
    - GoogleUtilities/Logger
  - GTMAppAuth (1.3.1):
    - AppAuth/Core (~> 1.6)
    - GTMSessionFetcher/Core (< 3.0, >= 1.5)
  - GTMSessionFetcher/Core (1.7.2)
  - nanopb (2.30909.0):
    - nanopb/decode (= 2.30909.0)
    - nanopb/encode (= 2.30909.0)
  - nanopb/decode (2.30909.0)
  - nanopb/encode (2.30909.0)
  - PromisesObjC (2.1.1)

DEPENDENCIES:
  - "Capacitor (from `../../node_modules/@capacitor/ios`)"
  - "CapacitorApp (from `../../node_modules/@capacitor/app`)"
  - "CapacitorAppLauncher (from `../../node_modules/@capacitor/app-launcher`)"
  - "CapacitorBrowser (from `../../node_modules/@capacitor/browser`)"
  - "CapacitorCamera (from `../../node_modules/@capacitor/camera`)"
  - "CapacitorCommunityBackgroundGeolocation (from `../../node_modules/@capacitor-community/background-geolocation`)"
  - "CapacitorCommunityCameraPreview (from `../../node_modules/@capacitor-community/camera-preview`)"
  - "CapacitorCommunityFacebookLogin (from `../../node_modules/@capacitor-community/facebook-login`)"
  - "CapacitorCommunityFcm (from `../../node_modules/@capacitor-community/fcm`)"
  - "CapacitorCommunityHttp (from `../../node_modules/@capacitor-community/http`)"
  - "CapacitorCordova (from `../../node_modules/@capacitor/ios`)"
  - "CapacitorDevice (from `../../node_modules/@capacitor/device`)"
  - "CapacitorFilesystem (from `../../node_modules/@capacitor/filesystem`)"
  - "CapacitorGeolocation (from `../../node_modules/@capacitor/geolocation`)"
  - "CapacitorNetwork (from `../../node_modules/@capacitor/network`)"
  - "CapacitorPushNotifications (from `../../node_modules/@capacitor/push-notifications`)"
  - "CapacitorShare (from `../../node_modules/@capacitor/share`)"
  - "CapacitorToast (from `../../node_modules/@capacitor/toast`)"
  - "CodetrixStudioCapacitorGoogleAuth (from `../../node_modules/@codetrix-studio/capacitor-google-auth`)"
  - CordovaPlugins (from `../capacitor-cordova-ios-plugins`)

SPEC REPOS:
  trunk:
    - AppAuth
    - FBAEMKit
    - FBSDKCoreKit
    - FBSDKCoreKit_Basics
    - FBSDKLoginKit
    - Firebase
    - FirebaseCore
    - FirebaseCoreInternal
    - FirebaseInstallations
    - FirebaseMessaging
    - GoogleDataTransport
    - GoogleSignIn
    - GoogleUtilities
    - GTMAppAuth
    - GTMSessionFetcher
    - nanopb
    - PromisesObjC

EXTERNAL SOURCES:
  Capacitor:
    :path: "../../node_modules/@capacitor/ios"
  CapacitorApp:
    :path: "../../node_modules/@capacitor/app"
  CapacitorAppLauncher:
    :path: "../../node_modules/@capacitor/app-launcher"
  CapacitorBrowser:
    :path: "../../node_modules/@capacitor/browser"
  CapacitorCamera:
    :path: "../../node_modules/@capacitor/camera"
  CapacitorCommunityBackgroundGeolocation:
    :path: "../../node_modules/@capacitor-community/background-geolocation"
  CapacitorCommunityCameraPreview:
    :path: "../../node_modules/@capacitor-community/camera-preview"
  CapacitorCommunityFacebookLogin:
    :path: "../../node_modules/@capacitor-community/facebook-login"
  CapacitorCommunityFcm:
    :path: "../../node_modules/@capacitor-community/fcm"
  CapacitorCommunityHttp:
    :path: "../../node_modules/@capacitor-community/http"
  CapacitorCordova:
    :path: "../../node_modules/@capacitor/ios"
  CapacitorDevice:
    :path: "../../node_modules/@capacitor/device"
  CapacitorFilesystem:
    :path: "../../node_modules/@capacitor/filesystem"
  CapacitorGeolocation:
    :path: "../../node_modules/@capacitor/geolocation"
  CapacitorNetwork:
    :path: "../../node_modules/@capacitor/network"
  CapacitorPushNotifications:
    :path: "../../node_modules/@capacitor/push-notifications"
  CapacitorShare:
    :path: "../../node_modules/@capacitor/share"
  CapacitorToast:
    :path: "../../node_modules/@capacitor/toast"
  CodetrixStudioCapacitorGoogleAuth:
    :path: "../../node_modules/@codetrix-studio/capacitor-google-auth"
  CordovaPlugins:
    :path: "../capacitor-cordova-ios-plugins"

SPEC CHECKSUMS:
  AppAuth: 8fca6b5563a5baef2c04bee27538025e4ceb2add
  Capacitor: 744b9eea76ac615076a15f1eb2a754f155012e54
  CapacitorApp: 70ea773d069c24ab188ae7a01237b951920ffacf
  CapacitorAppLauncher: a24c8e4abe0821c48cad0fea1e8106fea43dbadc
  CapacitorBrowser: 05b68799d62b7b864974f59a5af3e4ddcce953f1
  CapacitorCamera: 58088fc3a612bb2617a7464e310e2d5fa3ae64fa
  CapacitorCommunityBackgroundGeolocation: 6f26f4290377dbd1d6dec21e62cb66f008f61ec7
  CapacitorCommunityCameraPreview: 9736617fb31d0d9e9ec424ef8917dbe5c7057de8
  CapacitorCommunityFacebookLogin: 94cbbd5c5ed6ca7322c85325c3cc09c29763720a
  CapacitorCommunityFcm: af38ba6452104d1b3c4eef9007d9856b2805a6e8
  CapacitorCommunityHttp: 7be90668527ef14ee10d08135b0e00fac9cf8247
  CapacitorCordova: 4c146609d8f3a3ce164ed0996761759c65cc6402
  CapacitorDevice: 70e6a1993d309d5e77c47072ba144e2dd3d5a503
  CapacitorFilesystem: cc5f97e472c739978558d340ad2cc68306f87223
  CapacitorGeolocation: 93f083a72975290636dfad73e8afc5d3a0892982
  CapacitorNetwork: c2bf9d2e9246eb2775c0571a67b316ebe8297067
  CapacitorPushNotifications: afc6b4d3c7935a3fa6cb08bc78b344c282cafe91
  CapacitorShare: d5da7b440281d2eaef9c4af7e913548fb060a7bc
  CapacitorToast: 1dc62f6482adba545aeb58d791f66cc7d9731c92
  CodetrixStudioCapacitorGoogleAuth: d5e1a1f1290426845dd90944b61a7c31c8542c70
  CordovaPlugins: fb2f383bdf4688f73674dded67e128ce9676c90c
  FBAEMKit: a899515e45476027f73aef377b5cffadcd56ca3a
  FBSDKCoreKit: 24f8bc8d3b5b2a8c5c656a1329492a12e8efa792
  FBSDKCoreKit_Basics: 6e578c9bdc7aa1365dbbbde633c9ebb536bcaa98
  FBSDKLoginKit: 787de205d524c3a4b17d527916f1d066e4361660
  Firebase: ba3501b5142a57747eac74d27c96d2b313bdec90
  FirebaseCore: b8697a177690b69b0dbce9d612b69b893be70469
  FirebaseCoreInternal: e301297f4c15a17489e48ed722d733b1578e0c02
  FirebaseInstallations: 36b38c733fd37e50857e5e8d74138648f466f18c
  FirebaseMessaging: e7304d6ce5f83d9139f0a61383a2302beb99b111
  GoogleDataTransport: ea169759df570f4e37bdee1623ec32a7e64e67c4
  GoogleSignIn: fd381840dbe7c1137aa6dc30849a5c3e070c034a
  GoogleUtilities: c2bdc4cf2ce786c4d2e6b3bcfd599a25ca78f06f
  GTMAppAuth: 0ff230db599948a9ad7470ca667337803b3fc4dd
  GTMSessionFetcher: 5595ec75acf5be50814f81e9189490412bad82ba
  nanopb: b552cce312b6c8484180ef47159bc0f65a1f0431
  PromisesObjC: ab77feca74fa2823e7af4249b8326368e61014cb

PODFILE CHECKSUM: 17126e0b5f0f6e20f688ea036c61d0cf5ee3300b

COCOAPODS: 1.11.3
